
Microsoft Visual Studio Solution File, Format Version 12.00
# Visual Studio 2012
Project("{FAE04EC0-301F-11D3-BF4B-00C04F79EFBC}") = "CoinRT", "CoinRT\CoinRT.csproj", "{2087FEE0-FD28-4EB6-AC57-EF4321C95692}"
EndProject
Project("{FAE04EC0-301F-11D3-BF4B-00C04F79EFBC}") = "CoinSharp.Core", "..\CoinSharp\src\Core\CoinSharp.Core.csproj", "{82B20619-3469-4DB6-8D18-628B64842499}"
EndProject
Global
	GlobalSection(SolutionConfigurationPlatforms) = preSolution
		Debug|Any CPU = Debug|Any CPU
		Debug|ARM = Debug|ARM
		Debug|x86 = Debug|x86
		Release|Any CPU = Release|Any CPU
		Release|ARM = Release|ARM
		Release|x86 = Release|x86
	EndGlobalSection
	GlobalSection(ProjectConfigurationPlatforms) = postSolution
		{2087FEE0-FD28-4EB6-AC57-EF4321C95692}.Debug|Any CPU.ActiveCfg = Debug|Any CPU
		{2087FEE0-FD28-4EB6-AC57-EF4321C95692}.Debug|Any CPU.Build.0 = Debug|Any CPU
		{2087FEE0-FD28-4EB6-AC57-EF4321C95692}.Debug|ARM.ActiveCfg = Debug|ARM
		{2087FEE0-FD28-4EB6-AC57-EF4321C95692}.Debug|ARM.Build.0 = Debug|ARM
		{2087FEE0-FD28-4EB6-AC57-EF4321C95692}.Debug|x86.ActiveCfg = Debug|x86
		{2087FEE0-FD28-4EB6-AC57-EF4321C95692}.Debug|x86.Build.0 = Debug|x86
		{2087FEE0-FD28-4EB6-AC57-EF4321C95692}.Release|Any CPU.ActiveCfg = Release|Any CPU
		{2087FEE0-FD28-4EB6-AC57-EF4321C95692}.Release|Any CPU.Build.0 = Release|Any CPU
		{2087FEE0-FD28-4EB6-AC57-EF4321C95692}.Release|ARM.ActiveCfg = Release|ARM
		{2087FEE0-FD28-4EB6-AC57-EF4321C95692}.Release|ARM.Build.0 = Release|ARM
		{2087FEE0-FD28-4EB6-AC57-EF4321C95692}.Release|x86.ActiveCfg = Release|x86
		{2087FEE0-FD28-4EB6-AC57-EF4321C95692}.Release|x86.Build.0 = Release|x86
		{82B20619-3469-4DB6-8D18-628B64842499}.Debug|Any CPU.ActiveCfg = Debug|Any CPU
		{82B20619-3469-4DB6-8D18-628B64842499}.Debug|Any CPU.Build.0 = Debug|Any CPU
		{82B20619-3469-4DB6-8D18-628B64842499}.Debug|ARM.ActiveCfg = Debug|Any CPU
		{82B20619-3469-4DB6-8D18-628B64842499}.Debug|x86.ActiveCfg = Debug|Any CPU
		{82B20619-3469-4DB6-8D18-628B64842499}.Release|Any CPU.ActiveCfg = Release|Any CPU
		{82B20619-3469-4DB6-8D18-628B64842499}.Release|Any CPU.Build.0 = Release|Any CPU
		{82B20619-3469-4DB6-8D18-628B64842499}.Release|ARM.ActiveCfg = Release|Any CPU
		{82B20619-3469-4DB6-8D18-628B64842499}.Release|x86.ActiveCfg = Release|Any CPU
	EndGlobalSection
	GlobalSection(SolutionProperties) = preSolution
		HideSolutionNode = FALSE
	EndGlobalSection
EndGlobal
